
Microsoft Visual Studio Solution File, Format Version 12.00
# Visual Studio Version 16
VisualStudioVersion = 16.0.31727.386
MinimumVisualStudioVersion = 10.0.40219.1
Project("{FAE04EC0-301F-11D3-BF4B-00C04F79EFBC}") = "AplikacjaInternetowa", "AplikacjaInternetowa\AplikacjaInternetowa.csproj", "{28BE8545-050E-4A61-AA22-5DFB1E2041FC}"
EndProject
Global
	GlobalSection(SolutionConfigurationPlatforms) = preSolution
		Debug|Any CPU = Debug|Any CPU
		Release|Any CPU = Release|Any CPU
	EndGlobalSection
	GlobalSection(ProjectConfigurationPlatforms) = postSolution
		{28BE8545-050E-4A61-AA22-5DFB1E2041FC}.Debug|Any CPU.ActiveCfg = Debug|Any CPU
		{28BE8545-050E-4A61-AA22-5DFB1E2041FC}.Debug|Any CPU.Build.0 = Debug|Any CPU
		{28BE8545-050E-4A61-AA22-5DFB1E2041FC}.Release|Any CPU.ActiveCfg = Release|Any CPU
		{28BE8545-050E-4A61-AA22-5DFB1E2041FC}.Release|Any CPU.Build.0 = Release|Any CPU
	EndGlobalSection
	GlobalSection(SolutionProperties) = preSolution
		HideSolutionNode = FALSE
	EndGlobalSection
	GlobalSection(ExtensibilityGlobals) = postSolution
		SolutionGuid = {F3D5317E-C0B6-449D-868B-AD5B0A345E91}
	EndGlobalSection
EndGlobal
